
Microsoft Visual Studio Solution File, Format Version 12.00
# Visual Studio Version 16
VisualStudioVersion = 16.0.30503.244
MinimumVisualStudioVersion = 10.0.40219.1
Project("{FAE04EC0-301F-11D3-BF4B-00C04F79EFBC}") = "movie_tracker_razor", "movie_tracker_razor\movie_tracker_razor.csproj", "{38E1B3A5-CBD4-46FA-A62C-144B1B8CEEC5}"
EndProject
Global
	GlobalSection(SolutionConfigurationPlatforms) = preSolution
		Debug|Any CPU = Debug|Any CPU
		Release|Any CPU = Release|Any CPU
	EndGlobalSection
	GlobalSection(ProjectConfigurationPlatforms) = postSolution
		{38E1B3A5-CBD4-46FA-A62C-144B1B8CEEC5}.Debug|Any CPU.ActiveCfg = Debug|Any CPU
		{38E1B3A5-CBD4-46FA-A62C-144B1B8CEEC5}.Debug|Any CPU.Build.0 = Debug|Any CPU
		{38E1B3A5-CBD4-46FA-A62C-144B1B8CEEC5}.Release|Any CPU.ActiveCfg = Release|Any CPU
		{38E1B3A5-CBD4-46FA-A62C-144B1B8CEEC5}.Release|Any CPU.Build.0 = Release|Any CPU
	EndGlobalSection
	GlobalSection(SolutionProperties) = preSolution
		HideSolutionNode = FALSE
	EndGlobalSection
	GlobalSection(ExtensibilityGlobals) = postSolution
		SolutionGuid = {49FD6994-18A1-4859-88F7-E1B8355B7289}
	EndGlobalSection
EndGlobal
