
Microsoft Visual Studio Solution File, Format Version 12.00
# Visual Studio Version 16
VisualStudioVersion = 16.0.30503.244
MinimumVisualStudioVersion = 10.0.40219.1
Project("{FAE04EC0-301F-11D3-BF4B-00C04F79EFBC}") = "Hospital", "Hospital\Hospital.csproj", "{4D692219-BA24-4F67-83D8-30A0AB75FEE7}"
EndProject
Global
	GlobalSection(SolutionConfigurationPlatforms) = preSolution
		Debug|Any CPU = Debug|Any CPU
		Release|Any CPU = Release|Any CPU
	EndGlobalSection
	GlobalSection(ProjectConfigurationPlatforms) = postSolution
		{4D692219-BA24-4F67-83D8-30A0AB75FEE7}.Debug|Any CPU.ActiveCfg = Debug|Any CPU
		{4D692219-BA24-4F67-83D8-30A0AB75FEE7}.Debug|Any CPU.Build.0 = Debug|Any CPU
		{4D692219-BA24-4F67-83D8-30A0AB75FEE7}.Release|Any CPU.ActiveCfg = Release|Any CPU
		{4D692219-BA24-4F67-83D8-30A0AB75FEE7}.Release|Any CPU.Build.0 = Release|Any CPU
	EndGlobalSection
	GlobalSection(SolutionProperties) = preSolution
		HideSolutionNode = FALSE
	EndGlobalSection
	GlobalSection(ExtensibilityGlobals) = postSolution
		SolutionGuid = {5F1B1DF5-67EF-4C66-AECC-F037CF2814D7}
	EndGlobalSection
EndGlobal
